
Microsoft Visual Studio Solution File, Format Version 12.00
# Visual Studio Version 16
VisualStudioVersion = 16.0.30114.105
MinimumVisualStudioVersion = 10.0.40219.1
Project("{FAE04EC0-301F-11D3-BF4B-00C04F79EFBC}") = "BlackWatch.Api", "BlackWatch.Api\BlackWatch.Api.csproj", "{2D407CA4-5CBD-4822-A603-7F0A14B493C1}"
EndProject
Project("{FAE04EC0-301F-11D3-BF4B-00C04F79EFBC}") = "BlackWatch.Daemon", "BlackWatch.Daemon\BlackWatch.Daemon.csproj", "{8E96F798-7C60-42D4-9FE9-9749DCB9856A}"
EndProject
Project("{FAE04EC0-301F-11D3-BF4B-00C04F79EFBC}") = "BlackWatch.Core", "BlackWatch.Core\BlackWatch.Core.csproj", "{E0D55B78-2A3F-4AF8-889E-0F92E57D5954}"
EndProject
Project("{FAE04EC0-301F-11D3-BF4B-00C04F79EFBC}") = "BlackWatch.Core.Test", "BlackWatch.Core.Test\BlackWatch.Core.Test.csproj", "{D72970E7-D249-4E8B-BED5-B9378CD5C7C0}"
EndProject
Global
	GlobalSection(SolutionConfigurationPlatforms) = preSolution
		Debug|Any CPU = Debug|Any CPU
		Debug|x64 = Debug|x64
		Debug|x86 = Debug|x86
		Release|Any CPU = Release|Any CPU
		Release|x64 = Release|x64
		Release|x86 = Release|x86
	EndGlobalSection
	GlobalSection(SolutionProperties) = preSolution
		HideSolutionNode = FALSE
	EndGlobalSection
	GlobalSection(ProjectConfigurationPlatforms) = postSolution
		{2D407CA4-5CBD-4822-A603-7F0A14B493C1}.Debug|Any CPU.ActiveCfg = Debug|Any CPU
		{2D407CA4-5CBD-4822-A603-7F0A14B493C1}.Debug|Any CPU.Build.0 = Debug|Any CPU
		{2D407CA4-5CBD-4822-A603-7F0A14B493C1}.Debug|x64.ActiveCfg = Debug|Any CPU
		{2D407CA4-5CBD-4822-A603-7F0A14B493C1}.Debug|x64.Build.0 = Debug|Any CPU
		{2D407CA4-5CBD-4822-A603-7F0A14B493C1}.Debug|x86.ActiveCfg = Debug|Any CPU
		{2D407CA4-5CBD-4822-A603-7F0A14B493C1}.Debug|x86.Build.0 = Debug|Any CPU
		{2D407CA4-5CBD-4822-A603-7F0A14B493C1}.Release|Any CPU.ActiveCfg = Release|Any CPU
		{2D407CA4-5CBD-4822-A603-7F0A14B493C1}.Release|Any CPU.Build.0 = Release|Any CPU
		{2D407CA4-5CBD-4822-A603-7F0A14B493C1}.Release|x64.ActiveCfg = Release|Any CPU
		{2D407CA4-5CBD-4822-A603-7F0A14B493C1}.Release|x64.Build.0 = Release|Any CPU
		{2D407CA4-5CBD-4822-A603-7F0A14B493C1}.Release|x86.ActiveCfg = Release|Any CPU
		{2D407CA4-5CBD-4822-A603-7F0A14B493C1}.Release|x86.Build.0 = Release|Any CPU
		{8E96F798-7C60-42D4-9FE9-9749DCB9856A}.Debug|Any CPU.ActiveCfg = Debug|Any CPU
		{8E96F798-7C60-42D4-9FE9-9749DCB9856A}.Debug|Any CPU.Build.0 = Debug|Any CPU
		{8E96F798-7C60-42D4-9FE9-9749DCB9856A}.Debug|x64.ActiveCfg = Debug|Any CPU
		{8E96F798-7C60-42D4-9FE9-9749DCB9856A}.Debug|x64.Build.0 = Debug|Any CPU
		{8E96F798-7C60-42D4-9FE9-9749DCB9856A}.Debug|x86.ActiveCfg = Debug|Any CPU
		{8E96F798-7C60-42D4-9FE9-9749DCB9856A}.Debug|x86.Build.0 = Debug|Any CPU
		{8E96F798-7C60-42D4-9FE9-9749DCB9856A}.Release|Any CPU.ActiveCfg = Release|Any CPU
		{8E96F798-7C60-42D4-9FE9-9749DCB9856A}.Release|Any CPU.Build.0 = Release|Any CPU
		{8E96F798-7C60-42D4-9FE9-9749DCB9856A}.Release|x64.ActiveCfg = Release|Any CPU
		{8E96F798-7C60-42D4-9FE9-9749DCB9856A}.Release|x64.Build.0 = Release|Any CPU
		{8E96F798-7C60-42D4-9FE9-9749DCB9856A}.Release|x86.ActiveCfg = Release|Any CPU
		{8E96F798-7C60-42D4-9FE9-9749DCB9856A}.Release|x86.Build.0 = Release|Any CPU
		{E0D55B78-2A3F-4AF8-889E-0F92E57D5954}.Debug|Any CPU.ActiveCfg = Debug|Any CPU
		{E0D55B78-2A3F-4AF8-889E-0F92E57D5954}.Debug|Any CPU.Build.0 = Debug|Any CPU
		{E0D55B78-2A3F-4AF8-889E-0F92E57D5954}.Debug|x64.ActiveCfg = Debug|Any CPU
		{E0D55B78-2A3F-4AF8-889E-0F92E57D5954}.Debug|x64.Build.0 = Debug|Any CPU
		{E0D55B78-2A3F-4AF8-889E-0F92E57D5954}.Debug|x86.ActiveCfg = Debug|Any CPU
		{E0D55B78-2A3F-4AF8-889E-0F92E57D5954}.Debug|x86.Build.0 = Debug|Any CPU
		{E0D55B78-2A3F-4AF8-889E-0F92E57D5954}.Release|Any CPU.ActiveCfg = Release|Any CPU
		{E0D55B78-2A3F-4AF8-889E-0F92E57D5954}.Release|Any CPU.Build.0 = Release|Any CPU
		{E0D55B78-2A3F-4AF8-889E-0F92E57D5954}.Release|x64.ActiveCfg = Release|Any CPU
		{E0D55B78-2A3F-4AF8-889E-0F92E57D5954}.Release|x64.Build.0 = Release|Any CPU
		{E0D55B78-2A3F-4AF8-889E-0F92E57D5954}.Release|x86.ActiveCfg = Release|Any CPU
		{E0D55B78-2A3F-4AF8-889E-0F92E57D5954}.Release|x86.Build.0 = Release|Any CPU
		{D72970E7-D249-4E8B-BED5-B9378CD5C7C0}.Debug|Any CPU.ActiveCfg = Debug|Any CPU
		{D72970E7-D249-4E8B-BED5-B9378CD5C7C0}.Debug|Any CPU.Build.0 = Debug|Any CPU
		{D72970E7-D249-4E8B-BED5-B9378CD5C7C0}.Debug|x64.ActiveCfg = Debug|Any CPU
		{D72970E7-D249-4E8B-BED5-B9378CD5C7C0}.Debug|x64.Build.0 = Debug|Any CPU
		{D72970E7-D249-4E8B-BED5-B9378CD5C7C0}.Debug|x86.ActiveCfg = Debug|Any CPU
		{D72970E7-D249-4E8B-BED5-B9378CD5C7C0}.Debug|x86.Build.0 = Debug|Any CPU
		{D72970E7-D249-4E8B-BED5-B9378CD5C7C0}.Release|Any CPU.ActiveCfg = Release|Any CPU
		{D72970E7-D249-4E8B-BED5-B9378CD5C7C0}.Release|Any CPU.Build.0 = Release|Any CPU
		{D72970E7-D249-4E8B-BED5-B9378CD5C7C0}.Release|x64.ActiveCfg = Release|Any CPU
		{D72970E7-D249-4E8B-BED5-B9378CD5C7C0}.Release|x64.Build.0 = Release|Any CPU
		{D72970E7-D249-4E8B-BED5-B9378CD5C7C0}.Release|x86.ActiveCfg = Release|Any CPU
		{D72970E7-D249-4E8B-BED5-B9378CD5C7C0}.Release|x86.Build.0 = Release|Any CPU
	EndGlobalSection
EndGlobal
